
Microsoft Visual Studio Solution File, Format Version 12.00
# Visual Studio Version 16
VisualStudioVersion = 16.0.30002.166
MinimumVisualStudioVersion = 10.0.40219.1
Project("{9A19103F-16F7-4668-BE54-9A1E7A4F7556}") = "Komunumo.Admin", "Komunumo.Admin\Komunumo.Admin.csproj", "{A3812C4C-0BB9-45E0-9A0E-8B5D9998AC51}"
EndProject
Project("{9A19103F-16F7-4668-BE54-9A1E7A4F7556}") = "Komunumo.Blog", "Komunumo.Blog\Komunumo.Blog.csproj", "{A8A62D82-67F4-4DEB-AAEA-7C7E00912589}"
EndProject
Global
	GlobalSection(SolutionConfigurationPlatforms) = preSolution
		Debug|Any CPU = Debug|Any CPU
		Release|Any CPU = Release|Any CPU
	EndGlobalSection
	GlobalSection(ProjectConfigurationPlatforms) = postSolution
		{A3812C4C-0BB9-45E0-9A0E-8B5D9998AC51}.Debug|Any CPU.ActiveCfg = Debug|Any CPU
		{A3812C4C-0BB9-45E0-9A0E-8B5D9998AC51}.Debug|Any CPU.Build.0 = Debug|Any CPU
		{A3812C4C-0BB9-45E0-9A0E-8B5D9998AC51}.Release|Any CPU.ActiveCfg = Release|Any CPU
		{A3812C4C-0BB9-45E0-9A0E-8B5D9998AC51}.Release|Any CPU.Build.0 = Release|Any CPU
		{A8A62D82-67F4-4DEB-AAEA-7C7E00912589}.Debug|Any CPU.ActiveCfg = Debug|Any CPU
		{A8A62D82-67F4-4DEB-AAEA-7C7E00912589}.Debug|Any CPU.Build.0 = Debug|Any CPU
		{A8A62D82-67F4-4DEB-AAEA-7C7E00912589}.Release|Any CPU.ActiveCfg = Release|Any CPU
		{A8A62D82-67F4-4DEB-AAEA-7C7E00912589}.Release|Any CPU.Build.0 = Release|Any CPU
	EndGlobalSection
	GlobalSection(SolutionProperties) = preSolution
		HideSolutionNode = FALSE
	EndGlobalSection
	GlobalSection(ExtensibilityGlobals) = postSolution
		SolutionGuid = {AE5E20FC-33C2-465F-9387-22150164CE1B}
	EndGlobalSection
EndGlobal
